
Microsoft Visual Studio Solution File, Format Version 12.00
# Visual Studio 15
VisualStudioVersion = 15.0.28307.329
MinimumVisualStudioVersion = 10.0.40219.1
Project("{FAE04EC0-301F-11D3-BF4B-00C04F79EFBC}") = "FOOP2_Lab2", "FOOP2_Lab2\FOOP2_Lab2.csproj", "{888347D8-148E-4768-93D8-15C004223FB1}"
EndProject
Project("{FAE04EC0-301F-11D3-BF4B-00C04F79EFBC}") = "Lab2_Ex2", "Lab2_Ex2\Lab2_Ex2.csproj", "{73F53771-F9D1-4A44-B741-E88FDCADD027}"
EndProject
Project("{FAE04EC0-301F-11D3-BF4B-00C04F79EFBC}") = "Lab2_Ex3", "Lab2_Ex3\Lab2_Ex3.csproj", "{0F55939A-CF67-4B6A-ABEB-9E83653DB8B3}"
EndProject
Project("{FAE04EC0-301F-11D3-BF4B-00C04F79EFBC}") = "Lab2_Ex4", "Lab2_Ex4\Lab2_Ex4.csproj", "{B55B9480-234D-426E-8ABF-FFBA8D660649}"
EndProject
Global
	GlobalSection(SolutionConfigurationPlatforms) = preSolution
		Debug|Any CPU = Debug|Any CPU
		Release|Any CPU = Release|Any CPU
	EndGlobalSection
	GlobalSection(ProjectConfigurationPlatforms) = postSolution
		{888347D8-148E-4768-93D8-15C004223FB1}.Debug|Any CPU.ActiveCfg = Debug|Any CPU
		{888347D8-148E-4768-93D8-15C004223FB1}.Debug|Any CPU.Build.0 = Debug|Any CPU
		{888347D8-148E-4768-93D8-15C004223FB1}.Release|Any CPU.ActiveCfg = Release|Any CPU
		{888347D8-148E-4768-93D8-15C004223FB1}.Release|Any CPU.Build.0 = Release|Any CPU
		{73F53771-F9D1-4A44-B741-E88FDCADD027}.Debug|Any CPU.ActiveCfg = Debug|Any CPU
		{73F53771-F9D1-4A44-B741-E88FDCADD027}.Debug|Any CPU.Build.0 = Debug|Any CPU
		{73F53771-F9D1-4A44-B741-E88FDCADD027}.Release|Any CPU.ActiveCfg = Release|Any CPU
		{73F53771-F9D1-4A44-B741-E88FDCADD027}.Release|Any CPU.Build.0 = Release|Any CPU
		{0F55939A-CF67-4B6A-ABEB-9E83653DB8B3}.Debug|Any CPU.ActiveCfg = Debug|Any CPU
		{0F55939A-CF67-4B6A-ABEB-9E83653DB8B3}.Debug|Any CPU.Build.0 = Debug|Any CPU
		{0F55939A-CF67-4B6A-ABEB-9E83653DB8B3}.Release|Any CPU.ActiveCfg = Release|Any CPU
		{0F55939A-CF67-4B6A-ABEB-9E83653DB8B3}.Release|Any CPU.Build.0 = Release|Any CPU
		{B55B9480-234D-426E-8ABF-FFBA8D660649}.Debug|Any CPU.ActiveCfg = Debug|Any CPU
		{B55B9480-234D-426E-8ABF-FFBA8D660649}.Debug|Any CPU.Build.0 = Debug|Any CPU
		{B55B9480-234D-426E-8ABF-FFBA8D660649}.Release|Any CPU.ActiveCfg = Release|Any CPU
		{B55B9480-234D-426E-8ABF-FFBA8D660649}.Release|Any CPU.Build.0 = Release|Any CPU
	EndGlobalSection
	GlobalSection(SolutionProperties) = preSolution
		HideSolutionNode = FALSE
	EndGlobalSection
	GlobalSection(ExtensibilityGlobals) = postSolution
		SolutionGuid = {9C4D552E-7E24-44D9-BD4D-89BD14CCA2D6}
	EndGlobalSection
EndGlobal
